// !$*UTF8*$!
{
	archiveVersion = 1;
	classes = {
	};
	objectVersion = 46;
	objects = {

/* Begin PBXBuildFile section */
		3F6E1296191BD5D6007ADD40 /* XYZToDoItem.m in Sources */ = {isa = PBXBuildFile; fileRef = 3F6E1295191BD5D6007ADD40 /* XYZToDoItem.m */; };
		3F723BFD191A8D9700A5474D /* Foundation.framework in Frameworks */ = {isa = PBXBuildFile; fileRef = 3F723BFC191A8D9700A5474D /* Foundation.framework */; };
		3F723BFF191A8D9700A5474D /* CoreGraphics.framework in Frameworks */ = {isa = PBXBuildFile; fileRef = 3F723BFE191A8D9700A5474D /* CoreGraphics.framework */; };
		3F723C01191A8D9700A5474D /* UIKit.framework in Frameworks */ = {isa = PBXBuildFile; fileRef = 3F723C00191A8D9700A5474D /* UIKit.framework */; };
		3F723C07191A8D9700A5474D /* InfoPlist.strings in Resources */ = {isa = PBXBuildFile; fileRef = 3F723C05191A8D9700A5474D /* InfoPlist.strings */; };
		3F723C09191A8D9700A5474D /* main.m in Sources */ = {isa = PBXBuildFile; fileRef = 3F723C08191A8D9700A5474D /* main.m */; };
		3F723C0D191A8D9700A5474D /* XYZAppDelegate.m in Sources */ = {isa = PBXBuildFile; fileRef = 3F723C0C191A8D9700A5474D /* XYZAppDelegate.m */; };
		3F723C0F191A8D9700A5474D /* Images.xcassets in Resources */ = {isa = PBXBuildFile; fileRef = 3F723C0E191A8D9700A5474D /* Images.xcassets */; };
		3F723C16191A8D9800A5474D /* XCTest.framework in Frameworks */ = {isa = PBXBuildFile; fileRef = 3F723C15191A8D9800A5474D /* XCTest.framework */; };
		3F723C17191A8D9800A5474D /* Foundation.framework in Frameworks */ = {isa = PBXBuildFile; fileRef = 3F723BFC191A8D9700A5474D /* Foundation.framework */; };
		3F723C18191A8D9800A5474D /* UIKit.framework in Frameworks */ = {isa = PBXBuildFile; fileRef = 3F723C00191A8D9700A5474D /* UIKit.framework */; };
		3F723C20191A8D9800A5474D /* InfoPlist.strings in Resources */ = {isa = PBXBuildFile; fileRef = 3F723C1E191A8D9800A5474D /* InfoPlist.strings */; };
		3F723C22191A8D9800A5474D /* ToDoListTests.m in Sources */ = {isa = PBXBuildFile; fileRef = 3F723C21191A8D9800A5474D /* ToDoListTests.m */; };
		3F723C2C191A8E6F00A5474D /* Main.storyboard in Resources */ = {isa = PBXBuildFile; fileRef = 3F723C2B191A8E6F00A5474D /* Main.storyboard */; };
		3F723C2F191A961600A5474D /* XYZAddToDoItemViewController.m in Sources */ = {isa = PBXBuildFile; fileRef = 3F723C2E191A961600A5474D /* XYZAddToDoItemViewController.m */; };
		3F723C32191A975B00A5474D /* XYZToDoListTableViewController.m in Sources */ = {isa = PBXBuildFile; fileRef = 3F723C31191A975B00A5474D /* XYZToDoListTableViewController.m */; };
		3FA72788191D289F00441F5B /* XYZAboutViewController.m in Sources */ = {isa = PBXBuildFile; fileRef = 3FA72787191D289F00441F5B /* XYZAboutViewController.m */; };
/* End PBXBuildFile section */

/* Begin PBXContainerItemProxy section */
		3F723C19191A8D9800A5474D /* PBXContainerItemProxy */ = {
			isa = PBXContainerItemProxy;
			containerPortal = 3F723BF1191A8D9700A5474D /* Project object */;
			proxyType = 1;
			remoteGlobalIDString = 3F723BF8191A8D9700A5474D;
			remoteInfo = ToDoList;
		};
/* End PBXContainerItemProxy section */

/* Begin PBXFileReference section */
		3F6E1294191BD5D6007ADD40 /* XYZToDoItem.h */ = {isa = PBXFileReference; fileEncoding = 4; lastKnownFileType = sourcecode.c.h; path = XYZToDoItem.h; sourceTree = "<group>"; };
		3F6E1295191BD5D6007ADD40 /* XYZToDoItem.m */ = {isa = PBXFileReference; fileEncoding = 4; lastKnownFileType = sourcecode.c.objc; path = XYZToDoItem.m; sourceTree = "<group>"; };
		3F723BF9191A8D9700A5474D /* ToDoList.app */ = {isa = PBXFileReference; explicitFileType = wrapper.application; includeInIndex = 0; path = ToDoList.app; sourceTree = BUILT_PRODUCTS_DIR; };
		3F723BFC191A8D9700A5474D /* Foundation.framework */ = {isa = PBXFileReference; lastKnownFileType = wrapper.framework; name = Foundation.framework; path = System/Library/Frameworks/Foundation.framework; sourceTree = SDKROOT; };
		3F723BFE191A8D9700A5474D /* CoreGraphics.framework */ = {isa = PBXFileReference; lastKnownFileType = wrapper.framework; name = CoreGraphics.framework; path = System/Library/Frameworks/CoreGraphics.framework; sourceTree = SDKROOT; };
		3F723C00191A8D9700A5474D /* UIKit.framework */ = {isa = PBXFileReference; lastKnownFileType = wrapper.framework; name = UIKit.framework; path = System/Library/Frameworks/UIKit.framework; sourceTree = SDKROOT; };
		3F723C04191A8D9700A5474D /* ToDoList-Info.plist */ = {isa = PBXFileReference; lastKnownFileType = text.plist.xml; path = "ToDoList-Info.plist"; sourceTree = "<group>"; };
		3F723C06191A8D9700A5474D /* en */ = {isa = PBXFileReference; lastKnownFileType = text.plist.strings; name = en; path = en.lproj/InfoPlist.strings; sourceTree = "<group>"; };
		3F723C08191A8D9700A5474D /* main.m */ = {isa = PBXFileReference; lastKnownFileType = sourcecode.c.objc; path = main.m; sourceTree = "<group>"; };
		3F723C0A191A8D9700A5474D /* ToDoList-Prefix.pch */ = {isa = PBXFileReference; lastKnownFileType = sourcecode.c.h; path = "ToDoList-Prefix.pch"; sourceTree = "<group>"; };
		3F723C0B191A8D9700A5474D /* XYZAppDelegate.h */ = {isa = PBXFileReference; lastKnownFileType = sourcecode.c.h; path = XYZAppDelegate.h; sourceTree = "<group>"; };
		3F723C0C191A8D9700A5474D /* XYZAppDelegate.m */ = {isa = PBXFileReference; lastKnownFileType = sourcecode.c.objc; path = XYZAppDelegate.m; sourceTree = "<group>"; };
		3F723C0E191A8D9700A5474D /* Images.xcassets */ = {isa = PBXFileReference; lastKnownFileType = folder.assetcatalog; path = Images.xcassets; sourceTree = "<group>"; };
		3F723C14191A8D9800A5474D /* ToDoListTests.xctest */ = {isa = PBXFileReference; explicitFileType = wrapper.cfbundle; includeInIndex = 0; path = ToDoListTests.xctest; sourceTree = BUILT_PRODUCTS_DIR; };
		3F723C15191A8D9800A5474D /* XCTest.framework */ = {isa = PBXFileReference; lastKnownFileType = wrapper.framework; name = XCTest.framework; path = Library/Frameworks/XCTest.framework; sourceTree = DEVELOPER_DIR; };
		3F723C1D191A8D9800A5474D /* ToDoListTests-Info.plist */ = {isa = PBXFileReference; lastKnownFileType = text.plist.xml; path = "ToDoListTests-Info.plist"; sourceTree = "<group>"; };
		3F723C1F191A8D9800A5474D /* en */ = {isa = PBXFileReference; lastKnownFileType = text.plist.strings; name = en; path = en.lproj/InfoPlist.strings; sourceTree = "<group>"; };
		3F723C21191A8D9800A5474D /* ToDoListTests.m */ = {isa = PBXFileReference; lastKnownFileType = sourcecode.c.objc; path = ToDoListTests.m; sourceTree = "<group>"; };
		3F723C2B191A8E6F00A5474D /* Main.storyboard */ = {isa = PBXFileReference; fileEncoding = 4; lastKnownFileType = file.storyboard; path = Main.storyboard; sourceTree = "<group>"; };
		3F723C2D191A961600A5474D /* XYZAddToDoItemViewController.h */ = {isa = PBXFileReference; fileEncoding = 4; lastKnownFileType = sourcecode.c.h; path = XYZAddToDoItemViewController.h; sourceTree = "<group>"; };
		3F723C2E191A961600A5474D /* XYZAddToDoItemViewController.m */ = {isa = PBXFileReference; fileEncoding = 4; lastKnownFileType = sourcecode.c.objc; path = XYZAddToDoItemViewController.m; sourceTree = "<group>"; };
		3F723C30191A975B00A5474D /* XYZToDoListTableViewController.h */ = {isa = PBXFileReference; fileEncoding = 4; lastKnownFileType = sourcecode.c.h; path = XYZToDoListTableViewController.h; sourceTree = "<group>"; };
		3F723C31191A975B00A5474D /* XYZToDoListTableViewController.m */ = {isa = PBXFileReference; fileEncoding = 4; lastKnownFileType = sourcecode.c.objc; path = XYZToDoListTableViewController.m; sourceTree = "<group>"; };
		3FA72786191D289F00441F5B /* XYZAboutViewController.h */ = {isa = PBXFileReference; fileEncoding = 4; lastKnownFileType = sourcecode.c.h; path = XYZAboutViewController.h; sourceTree = "<group>"; };
		3FA72787191D289F00441F5B /* XYZAboutViewController.m */ = {isa = PBXFileReference; fileEncoding = 4; lastKnownFileType = sourcecode.c.objc; path = XYZAboutViewController.m; sourceTree = "<group>"; };
/* End PBXFileReference section */

/* Begin PBXFrameworksBuildPhase section */
		3F723BF6191A8D9700A5474D /* Frameworks */ = {
			isa = PBXFrameworksBuildPhase;
			buildActionMask = 2147483647;
			files = (
				3F723BFF191A8D9700A5474D /* CoreGraphics.framework in Frameworks */,
				3F723C01191A8D9700A5474D /* UIKit.framework in Frameworks */,
				3F723BFD191A8D9700A5474D /* Foundation.framework in Frameworks */,
			);
			runOnlyForDeploymentPostprocessing = 0;
		};
		3F723C11191A8D9800A5474D /* Frameworks */ = {
			isa = PBXFrameworksBuildPhase;
			buildActionMask = 2147483647;
			files = (
				3F723C16191A8D9800A5474D /* XCTest.framework in Frameworks */,
				3F723C18191A8D9800A5474D /* UIKit.framework in Frameworks */,
				3F723C17191A8D9800A5474D /* Foundation.framework in Frameworks */,
			);
			runOnlyForDeploymentPostprocessing = 0;
		};
/* End PBXFrameworksBuildPhase section */

/* Begin PBXGroup section */
		3F723BF0191A8D9700A5474D = {
			isa = PBXGroup;
			children = (
				3F723C2D191A961600A5474D /* XYZAddToDoItemViewController.h */,
				3F723C30191A975B00A5474D /* XYZToDoListTableViewController.h */,
				3F723C31191A975B00A5474D /* XYZToDoListTableViewController.m */,
				3F723C2E191A961600A5474D /* XYZAddToDoItemViewController.m */,
				3F723C02191A8D9700A5474D /* ToDoList */,
				3F723C1B191A8D9800A5474D /* ToDoListTests */,
				3F723BFB191A8D9700A5474D /* Frameworks */,
				3F723BFA191A8D9700A5474D /* Products */,
			);
			sourceTree = "<group>";
		};
		3F723BFA191A8D9700A5474D /* Products */ = {
			isa = PBXGroup;
			children = (
				3F723BF9191A8D9700A5474D /* ToDoList.app */,
				3F723C14191A8D9800A5474D /* ToDoListTests.xctest */,
			);
			name = Products;
			sourceTree = "<group>";
		};
		3F723BFB191A8D9700A5474D /* Frameworks */ = {
			isa = PBXGroup;
			children = (
				3F723BFC191A8D9700A5474D /* Foundation.framework */,
				3F723BFE191A8D9700A5474D /* CoreGraphics.framework */,
				3F723C00191A8D9700A5474D /* UIKit.framework */,
				3F723C15191A8D9800A5474D /* XCTest.framework */,
			);
			name = Frameworks;
			sourceTree = "<group>";
		};
		3F723C02191A8D9700A5474D /* ToDoList */ = {
			isa = PBXGroup;
			children = (
				3F723C0B191A8D9700A5474D /* XYZAppDelegate.h */,
				3FA72786191D289F00441F5B /* XYZAboutViewController.h */,
				3FA72787191D289F00441F5B /* XYZAboutViewController.m */,
				3F723C0C191A8D9700A5474D /* XYZAppDelegate.m */,
				3F6E1294191BD5D6007ADD40 /* XYZToDoItem.h */,
				3F6E1295191BD5D6007ADD40 /* XYZToDoItem.m */,
				3F723C2B191A8E6F00A5474D /* Main.storyboard */,
				3F723C0E191A8D9700A5474D /* Images.xcassets */,
				3F723C03191A8D9700A5474D /* Supporting Files */,
			);
			path = ToDoList;
			sourceTree = "<group>";
		};
		3F723C03191A8D9700A5474D /* Supporting Files */ = {
			isa = PBXGroup;
			children = (
				3F723C04191A8D9700A5474D /* ToDoList-Info.plist */,
				3F723C05191A8D9700A5474D /* InfoPlist.strings */,
				3F723C08191A8D9700A5474D /* main.m */,
				3F723C0A191A8D9700A5474D /* ToDoList-Prefix.pch */,
			);
			name = "Supporting Files";
			sourceTree = "<group>";
		};
		3F723C1B191A8D9800A5474D /* ToDoListTests */ = {
			isa = PBXGroup;
			children = (
				3F723C21191A8D9800A5474D /* ToDoListTests.m */,
				3F723C1C191A8D9800A5474D /* Supporting Files */,
			);
			path = ToDoListTests;
			sourceTree = "<group>";
		};
		3F723C1C191A8D9800A5474D /* Supporting Files */ = {
			isa = PBXGroup;
			children = (
				3F723C1D191A8D9800A5474D /* ToDoListTests-Info.plist */,
				3F723C1E191A8D9800A5474D /* InfoPlist.strings */,
			);
			name = "Supporting Files";
			sourceTree = "<group>";
		};
/* End PBXGroup section */

/* Begin PBXNativeTarget section */
		3F723BF8191A8D9700A5474D /* ToDoList */ = {
			isa = PBXNativeTarget;
			buildConfigurationList = 3F723C25191A8D9800A5474D /* Build configuration list for PBXNativeTarget "ToDoList" */;
			buildPhases = (
				3F723BF5191A8D9700A5474D /* Sources */,
				3F723BF6191A8D9700A5474D /* Frameworks */,
				3F723BF7191A8D9700A5474D /* Resources */,
			);
			buildRules = (
			);
			dependencies = (
			);
			name = ToDoList;
			productName = ToDoList;
			productReference = 3F723BF9191A8D9700A5474D /* ToDoList.app */;
			productType = "com.apple.product-type.application";
		};
		3F723C13191A8D9800A5474D /* ToDoListTests */ = {
			isa = PBXNativeTarget;
			buildConfigurationList = 3F723C28191A8D9800A5474D /* Build configuration list for PBXNativeTarget "ToDoListTests" */;
			buildPhases = (
				3F723C10191A8D9800A5474D /* Sources */,
				3F723C11191A8D9800A5474D /* Frameworks */,
				3F723C12191A8D9800A5474D /* Resources */,
			);
			buildRules = (
			);
			dependencies = (
				3F723C1A191A8D9800A5474D /* PBXTargetDependency */,
			);
			name = ToDoListTests;
			productName = ToDoListTests;
			productReference = 3F723C14191A8D9800A5474D /* ToDoListTests.xctest */;
			productType = "com.apple.product-type.bundle.unit-test";
		};
/* End PBXNativeTarget section */

/* Begin PBXProject section */
		3F723BF1191A8D9700A5474D /* Project object */ = {
			isa = PBXProject;
			attributes = {
				CLASSPREFIX = XYZ;
				LastUpgradeCheck = 0510;
				ORGANIZATIONNAME = Ryan;
				TargetAttributes = {
					3F723C13191A8D9800A5474D = {
						TestTargetID = 3F723BF8191A8D9700A5474D;
					};
				};
			};
			buildConfigurationList = 3F723BF4191A8D9700A5474D /* Build configuration list for PBXProject "ToDoList" */;
			compatibilityVersion = "Xcode 3.2";
			developmentRegion = English;
			hasScannedForEncodings = 0;
			knownRegions = (
				en,
			);
			mainGroup = 3F723BF0191A8D9700A5474D;
			productRefGroup = 3F723BFA191A8D9700A5474D /* Products */;
			projectDirPath = "";
			projectRoot = "";
			targets = (
				3F723BF8191A8D9700A5474D /* ToDoList */,
				3F723C13191A8D9800A5474D /* ToDoListTests */,
			);
		};
/* End PBXProject section */

/* Begin PBXResourcesBuildPhase section */
		3F723BF7191A8D9700A5474D /* Resources */ = {
			isa = PBXResourcesBuildPhase;
			buildActionMask = 2147483647;
			files = (
				3F723C2C191A8E6F00A5474D /* Main.storyboard in Resources */,
				3F723C07191A8D9700A5474D /* InfoPlist.strings in Resources */,
				3F723C0F191A8D9700A5474D /* Images.xcassets in Resources */,
			);
			runOnlyForDeploymentPostprocessing = 0;
		};
		3F723C12191A8D9800A5474D /* Resources */ = {
			isa = PBXResourcesBuildPhase;
			buildActionMask = 2147483647;
			files = (
				3F723C20191A8D9800A5474D /* InfoPlist.strings in Resources */,
			);
			runOnlyForDeploymentPostprocessing = 0;
		};
/* End PBXResourcesBuildPhase section */

/* Begin PBXSourcesBuildPhase section */
		3F723BF5191A8D9700A5474D /* Sources */ = {
			isa = PBXSourcesBuildPhase;
			buildActionMask = 2147483647;
			files = (
				3FA72788191D289F00441F5B /* XYZAboutViewController.m in Sources */,
				3F723C0D191A8D9700A5474D /* XYZAppDelegate.m in Sources */,
				3F6E1296191BD5D6007ADD40 /* XYZToDoItem.m in Sources */,
				3F723C32191A975B00A5474D /* XYZToDoListTableViewController.m in Sources */,
				3F723C09191A8D9700A5474D /* main.m in Sources */,
				3F723C2F191A961600A5474D /* XYZAddToDoItemViewController.m in Sources */,
			);
			runOnlyForDeploymentPostprocessing = 0;
		};
		3F723C10191A8D9800A5474D /* Sources */ = {
			isa = PBXSourcesBuildPhase;
			buildActionMask = 2147483647;
			files = (
				3F723C22191A8D9800A5474D /* ToDoListTests.m in Sources */,
			);
			runOnlyForDeploymentPostprocessing = 0;
		};
/* End PBXSourcesBuildPhase section */

/* Begin PBXTargetDependency section */
		3F723C1A191A8D9800A5474D /* PBXTargetDependency */ = {
			isa = PBXTargetDependency;
			target = 3F723BF8191A8D9700A5474D /* ToDoList */;
			targetProxy = 3F723C19191A8D9800A5474D /* PBXContainerItemProxy */;
		};
/* End PBXTargetDependency section */

/* Begin PBXVariantGroup section */
		3F723C05191A8D9700A5474D /* InfoPlist.strings */ = {
			isa = PBXVariantGroup;
			children = (
				3F723C06191A8D9700A5474D /* en */,
			);
			name = InfoPlist.strings;
			sourceTree = "<group>";
		};
		3F723C1E191A8D9800A5474D /* InfoPlist.strings */ = {
			isa = PBXVariantGroup;
			children = (
				3F723C1F191A8D9800A5474D /* en */,
			);
			name = InfoPlist.strings;
			sourceTree = "<group>";
		};
/* End PBXVariantGroup section */

/* Begin XCBuildConfiguration section */
		3F723C23191A8D9800A5474D /* Debug */ = {
			isa = XCBuildConfiguration;
			buildSettings = {
				ALWAYS_SEARCH_USER_PATHS = NO;
				CLANG_CXX_LANGUAGE_STANDARD = "gnu++0x";
				CLANG_CXX_LIBRARY = "libc++";
				CLANG_ENABLE_MODULES = YES;
				CLANG_ENABLE_OBJC_ARC = YES;
				CLANG_WARN_BOOL_CONVERSION = YES;
				CLANG_WARN_CONSTANT_CONVERSION = YES;
				CLANG_WARN_DIRECT_OBJC_ISA_USAGE = YES_ERROR;
				CLANG_WARN_EMPTY_BODY = YES;
				CLANG_WARN_ENUM_CONVERSION = YES;
				CLANG_WARN_INT_CONVERSION = YES;
				CLANG_WARN_OBJC_ROOT_CLASS = YES_ERROR;
				CLANG_WARN__DUPLICATE_METHOD_MATCH = YES;
				"CODE_SIGN_IDENTITY[sdk=iphoneos*]" = "iPhone Developer";
				COPY_PHASE_STRIP = NO;
				GCC_C_LANGUAGE_STANDARD = gnu99;
				GCC_DYNAMIC_NO_PIC = NO;
				GCC_OPTIMIZATION_LEVEL = 0;
				GCC_PREPROCESSOR_DEFINITIONS = (
					"DEBUG=1",
					"$(inherited)",
				);
				GCC_SYMBOLS_PRIVATE_EXTERN = NO;
				GCC_WARN_64_TO_32_BIT_CONVERSION = YES;
				GCC_WARN_ABOUT_RETURN_TYPE = YES_ERROR;
				GCC_WARN_UNDECLARED_SELECTOR = YES;
				GCC_WARN_UNINITIALIZED_AUTOS = YES_AGGRESSIVE;
				GCC_WARN_UNUSED_FUNCTION = YES;
				GCC_WARN_UNUSED_VARIABLE = YES;
				IPHONEOS_DEPLOYMENT_TARGET = 7.1;
				ONLY_ACTIVE_ARCH = YES;
				SDKROOT = iphoneos;
			};
			name = Debug;
		};
		3F723C24191A8D9800A5474D /* Release */ = {
			isa = XCBuildConfiguration;
			buildSettings = {
				ALWAYS_SEARCH_USER_PATHS = NO;
				CLANG_CXX_LANGUAGE_STANDARD = "gnu++0x";
				CLANG_CXX_LIBRARY = "libc++";
				CLANG_ENABLE_MODULES = YES;
				CLANG_ENABLE_OBJC_ARC = YES;
				CLANG_WARN_BOOL_CONVERSION = YES;
				CLANG_WARN_CONSTANT_CONVERSION = YES;
				CLANG_WARN_DIRECT_OBJC_ISA_USAGE = YES_ERROR;
				CLANG_WARN_EMPTY_BODY = YES;
				CLANG_WARN_ENUM_CONVERSION = YES;
				CLANG_WARN_INT_CONVERSION = YES;
				CLANG_WARN_OBJC_ROOT_CLASS = YES_ERROR;
				CLANG_WARN__DUPLICATE_METHOD_MATCH = YES;
				"CODE_SIGN_IDENTITY[sdk=iphoneos*]" = "iPhone Developer";
				COPY_PHASE_STRIP = YES;
				ENABLE_NS_ASSERTIONS = NO;
				GCC_C_LANGUAGE_STANDARD = gnu99;
				GCC_WARN_64_TO_32_BIT_CONVERSION = YES;
				GCC_WARN_ABOUT_RETURN_TYPE = YES_ERROR;
				GCC_WARN_UNDECLARED_SELECTOR = YES;
				GCC_WARN_UNINITIALIZED_AUTOS = YES_AGGRESSIVE;
				GCC_WARN_UNUSED_FUNCTION = YES;
				GCC_WARN_UNUSED_VARIABLE = YES;
				IPHONEOS_DEPLOYMENT_TARGET = 7.1;
				SDKROOT = iphoneos;
				VALIDATE_PRODUCT = YES;
			};
			name = Release;
		};
		3F723C26191A8D9800A5474D /* Debug */ = {
			isa = XCBuildConfiguration;
			buildSettings = {
				ASSETCATALOG_COMPILER_APPICON_NAME = AppIcon;
				ASSETCATALOG_COMPILER_LAUNCHIMAGE_NAME = LaunchImage;
				GCC_PRECOMPILE_PREFIX_HEADER = YES;
				GCC_PREFIX_HEADER = "ToDoList/ToDoList-Prefix.pch";
				INFOPLIST_FILE = "ToDoList/ToDoList-Info.plist";
				PRODUCT_NAME = "$(TARGET_NAME)";
				WRAPPER_EXTENSION = app;
			};
			name = Debug;
		};
		3F723C27191A8D9800A5474D /* Release */ = {
			isa = XCBuildConfiguration;
			buildSettings = {
				ASSETCATALOG_COMPILER_APPICON_NAME = AppIcon;
				ASSETCATALOG_COMPILER_LAUNCHIMAGE_NAME = LaunchImage;
				GCC_PRECOMPILE_PREFIX_HEADER = YES;
				GCC_PREFIX_HEADER = "ToDoList/ToDoList-Prefix.pch";
				INFOPLIST_FILE = "ToDoList/ToDoList-Info.plist";
				PRODUCT_NAME = "$(TARGET_NAME)";
				WRAPPER_EXTENSION = app;
			};
			name = Release;
		};
		3F723C29191A8D9800A5474D /* Debug */ = {
			isa = XCBuildConfiguration;
			buildSettings = {
				BUNDLE_LOADER = "$(BUILT_PRODUCTS_DIR)/ToDoList.app/ToDoList";
				FRAMEWORK_SEARCH_PATHS = (
					"$(SDKROOT)/Developer/Library/Frameworks",
					"$(inherited)",
					"$(DEVELOPER_FRAMEWORKS_DIR)",
				);
				GCC_PRECOMPILE_PREFIX_HEADER = YES;
				GCC_PREFIX_HEADER = "ToDoList/ToDoList-Prefix.pch";
				GCC_PREPROCESSOR_DEFINITIONS = (
					"DEBUG=1",
					"$(inherited)",
				);
				INFOPLIST_FILE = "ToDoListTests/ToDoListTests-Info.plist";
				PRODUCT_NAME = "$(TARGET_NAME)";
				TEST_HOST = "$(BUNDLE_LOADER)";
				WRAPPER_EXTENSION = xctest;
			};
			name = Debug;
		};
		3F723C2A191A8D9800A5474D /* Release */ = {
			isa = XCBuildConfiguration;
			buildSettings = {
				BUNDLE_LOADER = "$(BUILT_PRODUCTS_DIR)/ToDoList.app/ToDoList";
				FRAMEWORK_SEARCH_PATHS = (
					"$(SDKROOT)/Developer/Library/Frameworks",
					"$(inherited)",
					"$(DEVELOPER_FRAMEWORKS_DIR)",
				);
				GCC_PRECOMPILE_PREFIX_HEADER = YES;
				GCC_PREFIX_HEADER = "ToDoList/ToDoList-Prefix.pch";
				INFOPLIST_FILE = "ToDoListTests/ToDoListTests-Info.plist";
				PRODUCT_NAME = "$(TARGET_NAME)";
				TEST_HOST = "$(BUNDLE_LOADER)";
				WRAPPER_EXTENSION = xctest;
			};
			name = Release;
		};
/* End XCBuildConfiguration section */

/* Begin XCConfigurationList section */
		3F723BF4191A8D9700A5474D /* Build configuration list for PBXProject "ToDoList" */ = {
			isa = XCConfigurationList;
			buildConfigurations = (
				3F723C23191A8D9800A5474D /* Debug */,
				3F723C24191A8D9800A5474D /* Release */,
			);
			defaultConfigurationIsVisible = 0;
			defaultConfigurationName = Release;
		};
		3F723C25191A8D9800A5474D /* Build configuration list for PBXNativeTarget "ToDoList" */ = {
			isa = XCConfigurationList;
			buildConfigurations = (
				3F723C26191A8D9800A5474D /* Debug */,
				3F723C27191A8D9800A5474D /* Release */,
			);
			defaultConfigurationIsVisible = 0;
			defaultConfigurationName = Release;
		};
		3F723C28191A8D9800A5474D /* Build configuration list for PBXNativeTarget "ToDoListTests" */ = {
			isa = XCConfigurationList;
			buildConfigurations = (
				3F723C29191A8D9800A5474D /* Debug */,
				3F723C2A191A8D9800A5474D /* Release */,
			);
			defaultConfigurationIsVisible = 0;
			defaultConfigurationName = Release;
		};
/* End XCConfigurationList section */
	};
	rootObject = 3F723BF1191A8D9700A5474D /* Project object */;
}
